
Microsoft Visual Studio Solution File, Format Version 12.00
# Visual Studio Version 17
VisualStudioVersion = 17.4.33213.308
MinimumVisualStudioVersion = 10.0.40219.1
Project("{FAE04EC0-301F-11D3-BF4B-00C04F79EFBC}") = "Eszaki_kozephegyseg_kilatoi_GUI", "Eszaki_kozephegyseg_kilatoi_GUI\Eszaki_kozephegyseg_kilatoi_GUI.csproj", "{A7F7C172-6C19-4A1C-958D-B5A1BFB7CBD8}"
EndProject
Global
	GlobalSection(SolutionConfigurationPlatforms) = preSolution
		Debug|Any CPU = Debug|Any CPU
		Release|Any CPU = Release|Any CPU
	EndGlobalSection
	GlobalSection(ProjectConfigurationPlatforms) = postSolution
		{A7F7C172-6C19-4A1C-958D-B5A1BFB7CBD8}.Debug|Any CPU.ActiveCfg = Debug|Any CPU
		{A7F7C172-6C19-4A1C-958D-B5A1BFB7CBD8}.Debug|Any CPU.Build.0 = Debug|Any CPU
		{A7F7C172-6C19-4A1C-958D-B5A1BFB7CBD8}.Release|Any CPU.ActiveCfg = Release|Any CPU
		{A7F7C172-6C19-4A1C-958D-B5A1BFB7CBD8}.Release|Any CPU.Build.0 = Release|Any CPU
	EndGlobalSection
	GlobalSection(SolutionProperties) = preSolution
		HideSolutionNode = FALSE
	EndGlobalSection
	GlobalSection(ExtensibilityGlobals) = postSolution
		SolutionGuid = {EB9D91C2-5774-4022-9815-7C1EA7512609}
	EndGlobalSection
EndGlobal
